
Microsoft Visual Studio Solution File, Format Version 12.00
# Visual Studio 14
VisualStudioVersion = 14.0.25420.1
MinimumVisualStudioVersion = 10.0.40219.1
Project("{FAE04EC0-301F-11D3-BF4B-00C04F79EFBC}") = "MyMVC", "MyMVC\MyMVC.csproj", "{60B0AA77-5B5D-49FF-9807-2AAED3B91A51}"
EndProject
Project("{FAE04EC0-301F-11D3-BF4B-00C04F79EFBC}") = "MyMVC.Tests", "MyMVC.Tests\MyMVC.Tests.csproj", "{6ADCF634-B3A6-4887-B03A-EB8327D67E09}"
EndProject
Global
	GlobalSection(SolutionConfigurationPlatforms) = preSolution
		Debug|Any CPU = Debug|Any CPU
		Release|Any CPU = Release|Any CPU
	EndGlobalSection
	GlobalSection(ProjectConfigurationPlatforms) = postSolution
		{60B0AA77-5B5D-49FF-9807-2AAED3B91A51}.Debug|Any CPU.ActiveCfg = Debug|Any CPU
		{60B0AA77-5B5D-49FF-9807-2AAED3B91A51}.Debug|Any CPU.Build.0 = Debug|Any CPU
		{60B0AA77-5B5D-49FF-9807-2AAED3B91A51}.Release|Any CPU.ActiveCfg = Release|Any CPU
		{60B0AA77-5B5D-49FF-9807-2AAED3B91A51}.Release|Any CPU.Build.0 = Release|Any CPU
		{6ADCF634-B3A6-4887-B03A-EB8327D67E09}.Debug|Any CPU.ActiveCfg = Debug|Any CPU
		{6ADCF634-B3A6-4887-B03A-EB8327D67E09}.Debug|Any CPU.Build.0 = Debug|Any CPU
		{6ADCF634-B3A6-4887-B03A-EB8327D67E09}.Release|Any CPU.ActiveCfg = Release|Any CPU
		{6ADCF634-B3A6-4887-B03A-EB8327D67E09}.Release|Any CPU.Build.0 = Release|Any CPU
	EndGlobalSection
	GlobalSection(SolutionProperties) = preSolution
		HideSolutionNode = FALSE
	EndGlobalSection
EndGlobal
